
Microsoft Visual Studio Solution File, Format Version 12.00
# Visual Studio Version 18
VisualStudioVersion = 18.2.11415.280 d18.0
MinimumVisualStudioVersion = 10.0.40219.1
Project("{FAE04EC0-301F-11D3-BF4B-00C04F79EFBC}") = "BugPro", "BugPro\BugPro.csproj", "{24F4810F-A938-4E5C-9E3B-8750D8BFC8B4}"
EndProject
Project("{FAE04EC0-301F-11D3-BF4B-00C04F79EFBC}") = "BugTests", "BugTests\BugTests.csproj", "{32124D64-A5DC-4C40-8FA9-9AD7ADCD5B28}"
EndProject
Global
	GlobalSection(SolutionConfigurationPlatforms) = preSolution
		Debug|Any CPU = Debug|Any CPU
		Release|Any CPU = Release|Any CPU
	EndGlobalSection
	GlobalSection(ProjectConfigurationPlatforms) = postSolution
		{24F4810F-A938-4E5C-9E3B-8750D8BFC8B4}.Debug|Any CPU.ActiveCfg = Debug|Any CPU
		{24F4810F-A938-4E5C-9E3B-8750D8BFC8B4}.Debug|Any CPU.Build.0 = Debug|Any CPU
		{24F4810F-A938-4E5C-9E3B-8750D8BFC8B4}.Release|Any CPU.ActiveCfg = Release|Any CPU
		{24F4810F-A938-4E5C-9E3B-8750D8BFC8B4}.Release|Any CPU.Build.0 = Release|Any CPU
		{32124D64-A5DC-4C40-8FA9-9AD7ADCD5B28}.Debug|Any CPU.ActiveCfg = Debug|Any CPU
		{32124D64-A5DC-4C40-8FA9-9AD7ADCD5B28}.Debug|Any CPU.Build.0 = Debug|Any CPU
		{32124D64-A5DC-4C40-8FA9-9AD7ADCD5B28}.Release|Any CPU.ActiveCfg = Release|Any CPU
		{32124D64-A5DC-4C40-8FA9-9AD7ADCD5B28}.Release|Any CPU.Build.0 = Release|Any CPU
	EndGlobalSection
	GlobalSection(SolutionProperties) = preSolution
		HideSolutionNode = FALSE
	EndGlobalSection
	GlobalSection(ExtensibilityGlobals) = postSolution
		SolutionGuid = {1FDCD20E-B4DB-4A99-B16E-BCC82225034D}
	EndGlobalSection
EndGlobal
